<?xml version="1.0" encoding="utf-8"?>
<Project ToolsVersion="4.0" xmlns="http://schemas.microsoft.com/developer/msbuild/2003">
  <ItemGroup>
    <ClCompile Include="BulletHellAlice\Scenes\GameScene.cpp" />
    <ClCompile Include="main.cpp" />
    <ClCompile Include="BulletHellAlice\PlayerController.cpp" />
    <ClCompile Include="BulletHellLeo\Bullet.cpp" />
    <ClCompile Include="BulletHellLeo\BulletHellPlayer.cpp" />
    <ClCompile Include="BulletHellLeo\BulletHellScene.cpp" />
    <ClCompile Include="BulletHellLeo\BulletSpawner.cpp" />
    <ClCompile Include="BulletHellLeo\Enemy.cpp" />
    <ClCompile Include="BulletHellLeo\Game.cpp" />
    <ClCompile Include="pch.cpp" />
    <ClCompile Include="ClickerLeo\AnimalData.cpp" />
    <ClCompile Include="ClickerLeo\ClickArea.cpp" />
    <ClCompile Include="ClickerLeo\ClickComponent.cpp" />
    <ClCompile Include="ClickerLeo\FloatingTextComponent.cpp" />
    <ClCompile Include="ClickerLeo\GameManager.cpp" />
    <ClCompile Include="ClickerLeo\MainScene.cpp" />
    <ClCompile Include="ClickerLeo\ShopItem.cpp" />
    <ClCompile Include="ClickerLeo\ShopPanel.cpp" />
    <ClCompile Include="TowerDefenseLeo\EnemyComponent.cpp" />
    <ClCompile Include="TowerDefenseLeo\InputComponent.cpp" />
    <ClCompile Include="TowerDefenseLeo\ProjectileComponent.cpp" />
    <ClCompile Include="TowerDefenseLeo\TDScene.cpp" />
    <ClCompile Include="TowerDefenseLeo\TowerComponent.cpp" />
    <ClCompile Include="TowerDefenseLeo\UIComponent.cpp" />
    <ClCompile Include="TowerDefenseLeo\WaveManagerComponent.cpp" />
  </ItemGroup>
  <ItemGroup>
    <ClInclude Include="BulletHellAlice\PlayerController.h" />
    <ClInclude Include="BulletHellAlice\Scenes\GameScene.h" />
    <ClInclude Include="BulletHellLeo\Bullet.h" />
    <ClInclude Include="BulletHellLeo\BulletHellPlayer.h" />
    <ClInclude Include="BulletHellLeo\BulletHellScene.h" />
    <ClInclude Include="BulletHellLeo\BulletSpawner.h" />
    <ClInclude Include="BulletHellLeo\Enemy.h" />
    <ClInclude Include="BulletHellLeo\Game.h" />
    <ClInclude Include="ClickerLeo\AnimalData.h" />
    <ClInclude Include="ClickerLeo\ClickArea.h" />
    <ClInclude Include="ClickerLeo\ClickComponent.h" />
    <ClInclude Include="ClickerLeo\FloatingTextComponent.h" />
    <ClInclude Include="ClickerLeo\GameManager.h" />
    <ClInclude Include="ClickerLeo\MainScene.h" />
    <ClInclude Include="ClickerLeo\ShopItem.h" />
    <ClInclude Include="ClickerLeo\ShopPanel.h" />
    <ClInclude Include="TowerDefenseLeo\EnemyComponent.h" />
    <ClInclude Include="TowerDefenseLeo\InputComponent.h" />
    <ClInclude Include="TowerDefenseLeo\ProjectileComponent.h" />
    <ClInclude Include="TowerDefenseLeo\TDScene.h" />
    <ClInclude Include="TowerDefenseLeo\TowerComponent.h" />
    <ClInclude Include="TowerDefenseLeo\UIComponent.h" />
    <ClInclude Include="TowerDefenseLeo\WaveManagerComponent.h" />
  </ItemGroup>
</Project>