<?xml version="1.0" encoding="utf-8"?>
<Project ToolsVersion="4.0" xmlns="http://schemas.microsoft.com/developer/msbuild/2003">
  <ItemGroup>
    <Filter Include="Source Files">
      <UniqueIdentifier>{4FC737F1-C7A5-4376-A066-2A32D752A2FF}</UniqueIdentifier>
      <Extensions>cpp;c;cc;cxx;c++;cppm;ixx;def;odl;idl;hpj;bat;asm;asmx</Extensions>
    </Filter>
    <Filter Include="Header Files">
      <UniqueIdentifier>{93995380-89BD-4b04-88EB-625FBE52EBFB}</UniqueIdentifier>
      <Extensions>h;hh;hpp;hxx;h++;hm;inl;inc;ipp;xsd</Extensions>
    </Filter>
    <Filter Include="Resource Files">
      <UniqueIdentifier>{67DA6AB6-F800-4c08-8B7A-83BB121AAD01}</UniqueIdentifier>
      <Extensions>rc;ico;cur;bmp;dlg;rc2;rct;bin;rgs;gif;jpg;jpeg;jpe;resx;tiff;tif;png;wav;mfcribbon-ms</Extensions>
    </Filter>
    <Filter Include="Source Files\BulletHell">
      <UniqueIdentifier>{95520356-aef9-4f56-aaf3-35cba400d4d2}</UniqueIdentifier>
    </Filter>
    <Filter Include="Header Files\BulletHell">
      <UniqueIdentifier>{c638b21a-c940-41c1-8536-01a49aa001d4}</UniqueIdentifier>
    </Filter>
    <Filter Include="Source Files\TowerDefense">
      <UniqueIdentifier>{04da0be4-e4b0-43fb-bfd1-d0679e9026c9}</UniqueIdentifier>
    </Filter>
    <Filter Include="Header Files\TowerDefense">
      <UniqueIdentifier>{13368fa9-39ed-4caf-a4c6-2fc1b38b14fe}</UniqueIdentifier>
    </Filter>
    <Filter Include="Tower Defence">
      <UniqueIdentifier>{62f3db49-e692-4bae-9d1b-c6910e966ea0}</UniqueIdentifier>
    </Filter>
    <Filter Include="Bullet Hell">
      <UniqueIdentifier>{6b201399-890a-4660-90f4-bc19139606a5}</UniqueIdentifier>
    </Filter>
    <Filter Include="Clicker">
      <UniqueIdentifier>{6470955a-c6f0-495a-b3f3-4129bdfc1c82}</UniqueIdentifier>
    </Filter>
  </ItemGroup>
  <ItemGroup>
    <ClCompile Include="main.cpp">
      <Filter>Source Files</Filter>
    </ClCompile>
    <ClCompile Include="Asteroid.cpp">
      <Filter>Source Files\BulletHell</Filter>
    </ClCompile>
    <ClCompile Include="AsteroidSpawner.cpp">
      <Filter>Source Files\BulletHell</Filter>
    </ClCompile>
    <ClCompile Include="Bullet.cpp">
      <Filter>Source Files\BulletHell</Filter>
    </ClCompile>
    <ClCompile Include="BulletHellSpawner.cpp">
      <Filter>Source Files\BulletHell</Filter>
    </ClCompile>
    <ClCompile Include="BulletManager.cpp">
      <Filter>Source Files\BulletHell</Filter>
    </ClCompile>
    <ClCompile Include="Enemy.cpp">
      <Filter>Source Files\BulletHell</Filter>
    </ClCompile>
    <ClCompile Include="EnemyManager.cpp">
      <Filter>Source Files\BulletHell</Filter>
    </ClCompile>
    <ClCompile Include="EnemyShooter.cpp">
      <Filter>Source Files\BulletHell</Filter>
    </ClCompile>
    <ClCompile Include="GameManager.cpp">
      <Filter>Source Files\BulletHell</Filter>
    </ClCompile>
    <ClCompile Include="Health.cpp">
      <Filter>Source Files\BulletHell</Filter>
    </ClCompile>
    <ClCompile Include="Shooter.cpp">
      <Filter>Source Files\BulletHell</Filter>
    </ClCompile>
    <ClCompile Include="HealthBar.cpp">
      <Filter>Source Files\BulletHell</Filter>
    </ClCompile>
    <ClCompile Include="LaserTrap.cpp">
      <Filter>Source Files\BulletHell</Filter>
    </ClCompile>
    <ClCompile Include="ClickerScene.cpp">
      <Filter>Source Files</Filter>
    </ClCompile>
    <ClCompile Include="BaseT.cpp">
      <Filter>Source Files\TowerDefense</Filter>
    </ClCompile>
    <ClCompile Include="EnemySpawnerT.cpp">
      <Filter>Source Files\TowerDefense</Filter>
    </ClCompile>
    <ClCompile Include="EnemyT.cpp">
      <Filter>Source Files\TowerDefense</Filter>
    </ClCompile>
    <ClCompile Include="MapRenderer.cpp">
      <Filter>Source Files\TowerDefense</Filter>
    </ClCompile>
    <ClCompile Include="TowerDefenseScene.cpp">
      <Filter>Source Files\TowerDefense</Filter>
    </ClCompile>
    <ClCompile Include="TurretT.cpp">
      <Filter>Source Files\TowerDefense</Filter>
    </ClCompile>
    <ClCompile Include="ClickerLogic.cpp">
      <Filter>Source Files</Filter>
    </ClCompile>
    <ClCompile Include="include\Demo\Tile.cpp">
      <Filter>Source Files</Filter>
    </ClCompile>
    <ClCompile Include="Scenes\Demo\DemoScene.cpp">
      <Filter>Source Files</Filter>
    </ClCompile>
    <ClCompile Include="PlayerS.cpp">
      <Filter>Bullet Hell</Filter>
    </ClCompile>
    <ClCompile Include="BulletHellSceneS.cpp">
      <Filter>Bullet Hell</Filter>
    </ClCompile>
    <ClCompile Include="BulletS.cpp">
      <Filter>Bullet Hell</Filter>
    </ClCompile>
    <ClCompile Include="TowerDefenseScene.cpp">
      <Filter>Tower Defence</Filter>
    </ClCompile>
    <ClCompile Include="GridRenderer.cpp">
      <Filter>Tower Defence</Filter>
    </ClCompile>
    <ClCompile Include="CellType.cpp">
      <Filter>Tower Defence</Filter>
    </ClCompile>
    <ClCompile Include="MenuScene.cpp">
      <Filter>Source Files</Filter>
    </ClCompile>
    <ClCompile Include="WaveManager.cpp">
      <Filter>Tower Defence</Filter>
    </ClCompile>
    <ClCompile Include="TowerPlacementSystem.cpp">
      <Filter>Tower Defence</Filter>
    </ClCompile>
    <ClCompile Include="TowerComponent.cpp">
      <Filter>Tower Defence</Filter>
    </ClCompile>
    <ClCompile Include="EnemyComponent.cpp">
      <Filter>Tower Defence</Filter>
    </ClCompile>
    <ClCompile Include="ButtonComponent.cpp">
      <Filter>Source Files</Filter>
    </ClCompile>
    <ClCompile Include="ClickerComponent.cpp">
      <Filter>Clicker</Filter>
    </ClCompile>
    <ClCompile Include="SpawnQueue.cpp">
      <Filter>Tower Defence</Filter>
    </ClCompile>
    <ClCompile Include="SpawnFlusher.cpp">
      <Filter>Tower Defence</Filter>
    </ClCompile>
    <ClCompile Include="ProjectileComponent.cpp">
      <Filter>Tower Defence</Filter>
    </ClCompile>
    <ClCompile Include="HUDComponent.cpp">
      <Filter>Tower Defence</Filter>
    </ClCompile>
    <ClCompile Include="GameState.cpp">
      <Filter>Tower Defence</Filter>
    </ClCompile>
    <ClCompile Include="BaseTowerComponent.cpp">
      <Filter>Tower Defence</Filter>
    </ClCompile>
    <ClCompile Include="BHGameState.cpp">
      <Filter>Source Files</Filter>
    </ClCompile>
    <ClCompile Include="EnemyS.cpp">
      <Filter>Source Files</Filter>
    </ClCompile>
    <ClCompile Include="BHWaveManager.cpp">
      <Filter>Source Files</Filter>
    </ClCompile>
    <ClCompile Include="BHCollisionSystem.cpp">
      <Filter>Source Files</Filter>
    </ClCompile>
    <ClCompile Include="BHHUD.cpp">
      <Filter>Source Files</Filter>
    </ClCompile>
  </ItemGroup>
  <ItemGroup>
    <ClInclude Include="resource.h">
      <Filter>Header Files</Filter>
    </ClInclude>
    <ClInclude Include="MainMenu.h">
      <Filter>Header Files</Filter>
    </ClInclude>
    <ClInclude Include="MenuScene.h">
      <Filter>Header Files</Filter>
    </ClInclude>
    <ClInclude Include="Asteroid.h">
      <Filter>Header Files\BulletHell</Filter>
    </ClInclude>
    <ClInclude Include="AsteroidSpawner.h">
      <Filter>Header Files\BulletHell</Filter>
    </ClInclude>
    <ClInclude Include="Bullet.h">
      <Filter>Header Files\BulletHell</Filter>
    </ClInclude>
    <ClInclude Include="BulletHellSpawner.h">
      <Filter>Header Files\BulletHell</Filter>
    </ClInclude>
    <ClInclude Include="BulletManager.h">
      <Filter>Header Files\BulletHell</Filter>
    </ClInclude>
    <ClInclude Include="Scenes\DefaultScene.h">
      <Filter>Header Files\BulletHell</Filter>
    </ClInclude>
    <ClInclude Include="Enemy.h">
      <Filter>Header Files\BulletHell</Filter>
    </ClInclude>
    <ClInclude Include="EnemyManager.h">
      <Filter>Header Files\BulletHell</Filter>
    </ClInclude>
    <ClInclude Include="EnemyShooter.h">
      <Filter>Header Files\BulletHell</Filter>
    </ClInclude>
    <ClInclude Include="GameManager.h">
      <Filter>Header Files\BulletHell</Filter>
    </ClInclude>
    <ClInclude Include="Health.h">
      <Filter>Header Files\BulletHell</Filter>
    </ClInclude>
    <ClInclude Include="HealthBar.h">
      <Filter>Header Files\BulletHell</Filter>
    </ClInclude>
    <ClInclude Include="LaserTrap.h">
      <Filter>Header Files\BulletHell</Filter>
    </ClInclude>
    <ClInclude Include="include\Player.h">
      <Filter>Header Files\BulletHell</Filter>
    </ClInclude>
    <ClInclude Include="Shooter.h">
      <Filter>Header Files\BulletHell</Filter>
    </ClInclude>
    <ClInclude Include="ClickerScene.h">
    <ClInclude Include="include\Demo\Player.h">
      <Filter>Header Files</Filter>
    </ClInclude>
    <ClInclude Include="include\Demo\Tile.h">
      <Filter>Header Files</Filter>
    </ClInclude>
    <ClInclude Include="Scenes\Demo\DemoScene.h">
      <Filter>Header Files</Filter>
    </ClInclude>
    <ClInclude Include="PlayerS.h">
      <Filter>Bullet Hell</Filter>
    </ClInclude>
    <ClInclude Include="BulletS.h">
      <Filter>Bullet Hell</Filter>
    </ClInclude>
    <ClInclude Include="BulletHellSceneS.h">
      <Filter>Bullet Hell</Filter>
    </ClInclude>
    <ClInclude Include="GridRenderer.h">
      <Filter>Tower Defence</Filter>
    </ClInclude>
    <ClInclude Include="CellType.h">
      <Filter>Tower Defence</Filter>
    </ClInclude>
    <ClInclude Include="TowerDefenseScene.h">
      <Filter>Tower Defence</Filter>
    </ClInclude>
    <ClInclude Include="MenuScene.h">
      <Filter>Header Files</Filter>
    </ClInclude>
    <ClInclude Include="EnemyComponent.h">
      <Filter>Tower Defence</Filter>
    </ClInclude>
    <ClInclude Include="TowerComponent.h">
      <Filter>Tower Defence</Filter>
    </ClInclude>
    <ClInclude Include="TowerPlacementSystem.h">
      <Filter>Tower Defence</Filter>
    </ClInclude>
    <ClInclude Include="WaveManager.h">
      <Filter>Tower Defence</Filter>
    </ClInclude>
    <ClInclude Include="ClickerComponent.h">
      <Filter>Clicker</Filter>
    </ClInclude>
    <ClInclude Include="ButtonComponent.h">
      <Filter>Header Files</Filter>
    </ClInclude>
    <ClInclude Include="SpawnQueue.h">
      <Filter>Tower Defence</Filter>
    </ClInclude>
    <ClInclude Include="SpawnFlusher.h">
      <Filter>Tower Defence</Filter>
    </ClInclude>
    <ClInclude Include="ProjectileComponent.h">
      <Filter>Tower Defence</Filter>
    </ClInclude>
    <ClInclude Include="HUDComponent.h">
      <Filter>Tower Defence</Filter>
    </ClInclude>
    <ClInclude Include="GameState.h">
      <Filter>Tower Defence</Filter>
    </ClInclude>
    <ClInclude Include="BaseTowerComponent.h">
      <Filter>Tower Defence</Filter>
    </ClInclude>
    <ClInclude Include="BHGameState.h">
      <Filter>Header Files</Filter>
    </ClInclude>
    <ClInclude Include="EnemyS.h">
      <Filter>Header Files</Filter>
    </ClInclude>
    <ClInclude Include="BHWaveManager.h">
      <Filter>Header Files</Filter>
    </ClInclude>
    <ClInclude Include="BHCollisionSystem.h">
      <Filter>Header Files</Filter>
    </ClInclude>
    <ClInclude Include="BaseT.h">
      <Filter>Header Files\TowerDefense</Filter>
    </ClInclude>
    <ClInclude Include="EnemySpawnerT.h">
      <Filter>Header Files\TowerDefense</Filter>
    </ClInclude>
    <ClInclude Include="EnemyT.h">
      <Filter>Header Files\TowerDefense</Filter>
    </ClInclude>
    <ClInclude Include="MapData.h">
      <Filter>Header Files\TowerDefense</Filter>
    </ClInclude>
    <ClInclude Include="MapRenderer.h">
      <Filter>Header Files\TowerDefense</Filter>
    </ClInclude>
    <ClInclude Include="TowerDefenseScene.h">
      <Filter>Header Files\TowerDefense</Filter>
    </ClInclude>
    <ClInclude Include="TurretT.h">
      <Filter>Header Files\TowerDefense</Filter>
    </ClInclude>
    <ClInclude Include="ClickerLogic.h">
    <ClInclude Include="BHHUD.h">
      <Filter>Header Files</Filter>
    </ClInclude>
  </ItemGroup>
  <ItemGroup>
    <ResourceCompile Include="Game.rc">
      <Filter>Resource Files</Filter>
    </ResourceCompile>
  </ItemGroup>
</Project>