<?xml version="1.0" encoding="utf-8"?>
<Project ToolsVersion="4.0" xmlns="http://schemas.microsoft.com/developer/msbuild/2003">
  <ItemGroup>
    <Filter Include="Source Files">
      <UniqueIdentifier>{4FC737F1-C7A5-4376-A066-2A32D752A2FF}</UniqueIdentifier>
      <Extensions>cpp;c;cc;cxx;c++;cppm;ixx;def;odl;idl;hpj;bat;asm;asmx</Extensions>
    </Filter>
    <Filter Include="Header Files">
      <UniqueIdentifier>{93995380-89BD-4b04-88EB-625FBE52EBFB}</UniqueIdentifier>
      <Extensions>h;hh;hpp;hxx;h++;hm;inl;inc;ipp;xsd</Extensions>
    </Filter>
    <Filter Include="Header Files\BulletHell">
      <UniqueIdentifier>{c9b33cb0-23c0-484b-9d82-1c99b4dcaefe}</UniqueIdentifier>
    </Filter>
    <Filter Include="Source Files\BulletHell">
      <UniqueIdentifier>{bd75a81d-de57-4d17-8f58-b2d86b3b0234}</UniqueIdentifier>
    </Filter>
    <Filter Include="Source Files\TowerDefense">
      <UniqueIdentifier>{11d4fe0f-dbef-4873-bb9e-7dc9b97a97a2}</UniqueIdentifier>
    </Filter>
    <Filter Include="Header Files\TowerDefense">
      <UniqueIdentifier>{7dea0e58-f194-42d8-980f-4b47617f242a}</UniqueIdentifier>
    </Filter>

    <Filter Include="Demo" />
  </ItemGroup>

  <ItemGroup>
    <ClCompile Include="src\BulletHellChris\Components\BulletComponent.cpp">
      <Filter>Source Files\BulletHell</Filter>
    </ClCompile>
    <ClCompile Include="src\BulletHellChris\UI\BulletHellHUD.cpp">
      <Filter>Source Files\BulletHell</Filter>
    </ClCompile>
    <ClCompile Include="src\BulletHellChris\Scenes\BulletHellScene.cpp">
      <Filter>Source Files\BulletHell</Filter>
    </ClCompile>
    <ClCompile Include="src\BulletHellChris\Components\EnemyComponent.cpp">
      <Filter>Source Files\BulletHell</Filter>
    </ClCompile>
    <ClCompile Include="src\BulletHellChris\Systems\EnemySpawner.cpp">
      <Filter>Source Files\BulletHell</Filter>
    </ClCompile>
    <ClCompile Include="src\BulletHellChris\Components\PlayerController.cpp">
      <Filter>Source Files\BulletHell</Filter>
    </ClCompile>
    <ClCompile Include="src\BulletHellChris\UI\PlayerHUDComponent.cpp">
      <Filter>Source Files\BulletHell</Filter>
    </ClCompile>
    <ClCompile Include="src\BulletHellChris\Components\BossComponent.cpp">
      <Filter>Source Files\BulletHell</Filter>
    </ClCompile>
    <ClCompile Include="src\BulletHellChris\UI\BossHUDComponent.cpp">
      <Filter>Source Files\BulletHell</Filter>
    </ClCompile>
    <ClCompile Include="main.cpp">
    <ClCompile Include="*.cpp">
      <Filter>Source Files</Filter>
    </ClCompile>
    <ClCompile Include="Scenes\BHScenesSyl\BulletHellScene.cpp">
      <Filter>Source Files</Filter>
    </ClCompile>
    <ClCompile Include="include\BulletHellSyl\BulletComponent.cpp">
      <Filter>Source Files</Filter>
    </ClCompile>
    <ClCompile Include="include\BulletHellSyl\Enemy.cpp">
      <Filter>Source Files</Filter>
    </ClCompile>
    <ClCompile Include="include\BulletHellSyl\Player.cpp">
      <Filter>Source Files</Filter>
    </ClCompile>
    <ClCompile Include="Scenes\TDScenesSyl\TDScene.cpp">
      <Filter>Source Files</Filter>
    </ClCompile>
    <ClCompile Include="include\TowerDefenseSyl\EnemyAComponent.cpp">
      <Filter>Source Files</Filter>
    </ClCompile>
    <ClCompile Include="include\TowerDefenseSyl\EnemyBComponent.cpp">
      <Filter>Source Files</Filter>
    </ClCompile>
    <ClCompile Include="include\TowerDefenseSyl\TowerAComponent.cpp">
      <Filter>Source Files</Filter>
    </ClCompile>
    <ClCompile Include="include\TowerDefenseSyl\TowerBComponent.cpp">
      <Filter>Source Files</Filter>
    </ClCompile>
    <ClCompile Include="include\TowerDefenseSyl\HQComponent.cpp">
      <Filter>Source Files</Filter>
    </ClCompile>
    <ClCompile Include="include\TowerDefenseSyl\TDPlayer.cpp">
      <Filter>Source Files</Filter>
    </ClCompile>
    <ClCompile Include="include\TowerDefenseSyl\TileComponent.cpp">
      <Filter>Source Files</Filter>
    </ClCompile>
    <ClCompile Include="include\TowerDefenseSyl\ProjectileComponent.cpp">
      <Filter>Source Files</Filter>
    </ClCompile>
    <ClCompile Include="include\TowerDefenseSyl\Spawner.cpp">
      <Filter>Source Files</Filter>
    </ClCompile>
    <ClCompile Include="Scenes\ClickerScenesSyl\ClickerScene.cpp">
      <Filter>Source Files</Filter>
    </ClCompile>
    <ClCompile Include="include\ClickerSyl\Square.cpp">
      <Filter>Source Files</Filter>
    </ClCompile>
    <ClCompile Include="include\ClickerSyl\Cursor.cpp">
      <Filter>Source Files</Filter>
    </ClCompile>
    <ClCompile Include="include\ClickerSyl\ScoreDisplay.cpp">
      <Filter>Source Files</Filter>
    </ClCompile>
    <ClCompile Include="include\ClickerSyl\PriceDisplay.cpp">
      <Filter>Source Files</Filter>
    </ClCompile>
    <ClCompile Include="include\ClickerSyl\Pink.cpp">
      <Filter>Source Files</Filter>
    </ClCompile>
    <ClCompile Include="include\ClickerSyl\Red.cpp">
      <Filter>Source Files</Filter>
    </ClCompile>
    <ClCompile Include="include\ClickerSyl\ClickDisplay.cpp">
      <Filter>Source Files</Filter>
    </ClCompile>
    <ClCompile Include="include\ClickerSyl\ClickerDisplay.cpp">
      <Filter>Source Files</Filter>
    </ClCompile>
    <ClCompile Include="include\TowerDefenseSyl\Container.cpp">
      <Filter>Source Files</Filter>
    </ClCompile>
    <ClCompile Include="include\TowerDefenseSyl\SelectedTower.cpp">
      <Filter>Source Files</Filter>
    </ClCompile>
    <ClCompile Include="include\TowerDefenseSyl\TowerASelection.cpp">
      <Filter>Source Files</Filter>
    </ClCompile>
    <ClCompile Include="include\TowerDefenseSyl\LifeDisplay.cpp">
    <ClCompile Include="src\TowerDefenseChris\TowerDefenseScene.cpp">
      <Filter>Source Files\TowerDefense</Filter>
    </ClCompile>
    <ClCompile Include="src\TowerDefenseChris\RenderTestComponent.cpp">
      <Filter>Source Files\TowerDefense</Filter>
    </ClCompile>
    <ClCompile Include="src\TowerDefenseChris\EnemyComponent.cpp">
      <Filter>Source Files\TowerDefense</Filter>
    </ClCompile>
    <ClCompile Include="src\TowerDefenseChris\TowerComponent.cpp">
      <Filter>Source Files\TowerDefense</Filter>
    </ClCompile>
    <ClCompile Include="src\TowerDefenseChris\InputTowerComponent.cpp">
      <Filter>Source Files\TowerDefense</Filter>
    </ClCompile>
    <ClCompile Include="src\TowerDefenseChris\SpawnerComponent.cpp">
      <Filter>Source Files\TowerDefense</Filter>
    </ClCompile>
    <ClCompile Include="src\TowerDefenseChris\GameManagerComponent.cpp">
      <Filter>Source Files\TowerDefense</Filter>
    </ClCompile>
    <ClCompile Include="src\ClickerChris\ClickerScene.cpp">
      <Filter>Source Files</Filter>
    </ClCompile>
    <ClCompile Include="src\ClickerChris\ClickerController.cpp">
      <Filter>Source Files</Filter>
    </ClCompile>
    <ClCompile Include="src\ClickerChris\ClickerButton.cpp">
      <Filter>Source Files</Filter>
    </ClCompile>
  </ItemGroup>

  <ItemGroup>
    <ClInclude Include="include\BulletHellChris\Components\BossComponent.h">
      <Filter>Header Files\BulletHell</Filter>
    </ClInclude>
    <ClInclude Include="include\BulletHellChris\UI\BossHUDComponent.h">
      <Filter>Header Files\BulletHell</Filter>
    </ClInclude>
    <ClInclude Include="include\BulletHellChris\Components\BulletComponent.h">
      <Filter>Header Files\BulletHell</Filter>
    </ClInclude>
    <ClInclude Include="include\BulletHellChris\BulletHellDebug.h">
      <Filter>Header Files\BulletHell</Filter>
    </ClInclude>
    <ClInclude Include="include\BulletHellChris\UI\BulletHellHUD.h">
      <Filter>Header Files\BulletHell</Filter>
    </ClInclude>
    <ClInclude Include="include\BulletHellChris\Scenes\BulletHellScene.h">
      <Filter>Header Files\BulletHell</Filter>
    </ClInclude>
    <ClInclude Include="include\BulletHellChris\BulletHellTypes.h">
      <Filter>Header Files\BulletHell</Filter>
    </ClInclude>
    <ClInclude Include="include\BulletHellChris\Components\EnemyComponent.h">
      <Filter>Header Files\BulletHell</Filter>
    </ClInclude>
    <ClInclude Include="include\BulletHellChris\Systems\EnemySpawner.h">
      <Filter>Header Files\BulletHell</Filter>
    </ClInclude>
    <ClInclude Include="include\BulletHellChris\Components\PlayerController.h">
      <Filter>Header Files\BulletHell</Filter>
    </ClInclude>
    <ClInclude Include="include\BulletHellChris\UI\PlayerHUDComponent.h">
      <Filter>Header Files\BulletHell</Filter>
    </ClInclude>
    <ClInclude Include="Scenes\DefaultScene.h">
      <Filter>Header Files</Filter>
    </ClInclude>
    <ClInclude Include="include\TowerDefenseChris\TowerDefenseScene.h">
      <Filter>Header Files\TowerDefense</Filter>
    </ClInclude>
    <ClInclude Include="include\TowerDefenseChris\RenderTestComponent.h">
      <Filter>Header Files\TowerDefense</Filter>
    </ClInclude>
    <ClInclude Include="include\TowerDefenseChris\EnemyComponent.h">
      <Filter>Header Files\TowerDefense</Filter>
    </ClInclude>
    <ClInclude Include="include\TowerDefenseChris\TowerComponent.h">
      <Filter>Header Files\TowerDefense</Filter>
    </ClInclude>
    <ClInclude Include="include\TowerDefenseChris\InputTowerComponent.h">
      <Filter>Header Files\TowerDefense</Filter>
    </ClInclude>
    <ClInclude Include="include\TowerDefenseChris\SpawnerComponent.h">
      <Filter>Header Files\TowerDefense</Filter>
    </ClInclude>
    <ClInclude Include="include\TowerDefenseChris\GameManagerComponent.h">
      <Filter>Header Files\TowerDefense</Filter>
    </ClInclude>
    <ClInclude Include="include\ClickerChris\ClickerScene.h">
      <Filter>Header Files</Filter>
    </ClInclude>
    <ClInclude Include="include\ClickerChris\ClickerController.h">
      <Filter>Header Files</Filter>
    </ClInclude>
    <ClInclude Include="include\ClickerChris\ClickerButton.h">
      <Filter>Header Files</Filter>
    </ClInclude>
    <ClInclude Include="Scenes\BHScenesSyl\BulletHellScene.h">
      <Filter>Header Files</Filter>
    </ClInclude>
    <ClInclude Include="include\BulletHellSyl\BulletComponent.h">
      <Filter>Header Files</Filter>
    </ClInclude>
    <ClInclude Include="include\BulletHellSyl\Enemy.h">
      <Filter>Header Files</Filter>
    </ClInclude>
    <ClInclude Include="include\BulletHellSyl\Player.h">
      <Filter>Header Files</Filter>
    </ClInclude>
    <ClInclude Include="Scenes\TDScenesSyl\TDScene.h">
      <Filter>Header Files</Filter>
    </ClInclude>
    <ClInclude Include="include\TowerDefenseSyl\EnemyAComponent.h">
      <Filter>Header Files</Filter>
    </ClInclude>
    <ClInclude Include="include\TowerDefenseSyl\EnemyBComponent.h">
      <Filter>Header Files</Filter>
    </ClInclude>
    <ClInclude Include="include\TowerDefenseSyl\TowerAComponent.h">
      <Filter>Header Files</Filter>
    </ClInclude>
    <ClInclude Include="include\TowerDefenseSyl\TowerBComponent.h">
    <ClCompile Include="include\Demo\*">
      <Filter>Demo</Filter>
    </ClCompile>
    <ClCompile Include="Scene\Demo\*">
      <Filter>Demo</Filter>
    </ClCompile>
  </ItemGroup>

  <ItemGroup>
    <ClInclude Include="include\*.h">
      <Filter>Header Files</Filter>
    </ClInclude>
    <ClInclude Include="include\*.inl">
      <Filter>Header Files</Filter>
    </ClInclude>
    <ClInclude Include="include\TowerDefenseSyl\HQComponent.h">
      <Filter>Header Files</Filter>
    </ClInclude>
    <ClInclude Include="include\TowerDefenseSyl\TDPlayer.h">
      <Filter>Header Files</Filter>
    </ClInclude>
    <ClInclude Include="include\TowerDefenseSyl\TileComponent.h">
      <Filter>Header Files</Filter>
    </ClInclude>
    <ClInclude Include="include\TowerDefenseSyl\ProjectileComponent.h">
      <Filter>Header Files</Filter>
    </ClInclude>
    <ClInclude Include="include\TowerDefenseSyl\Spawner.h">
      <Filter>Header Files</Filter>
    </ClInclude>
    <ClInclude Include="Scenes\ClickerScenesSyl\ClickerScene.h">
      <Filter>Header Files</Filter>
    </ClInclude>
    <ClInclude Include="include\ClickerSyl\Square.h">
      <Filter>Header Files</Filter>
    </ClInclude>
    <ClInclude Include="include\ClickerSyl\Cursor.h">
      <Filter>Header Files</Filter>
    </ClInclude>
    <ClInclude Include="include\ClickerSyl\ScoreDisplay.h">
      <Filter>Header Files</Filter>
    </ClInclude>
    <ClInclude Include="include\ClickerSyl\PriceDisplay.h">
      <Filter>Header Files</Filter>
    </ClInclude>
    <ClInclude Include="include\ClickerSyl\Pink.h">
      <Filter>Header Files</Filter>
    </ClInclude>
    <ClInclude Include="include\ClickerSyl\Red.h">
      <Filter>Header Files</Filter>
    </ClInclude>
    <ClInclude Include="include\ClickerSyl\ClickDisplay.h">
      <Filter>Header Files</Filter>
    </ClInclude>
    <ClInclude Include="include\ClickerSyl\ClickerDisplay.h">
      <Filter>Header Files</Filter>
    </ClInclude>
    <ClInclude Include="include\TowerDefenseSyl\Container.h">
      <Filter>Header Files</Filter>
    </ClInclude>
    <ClInclude Include="include\TowerDefenseSyl\SelectedTower.h">
      <Filter>Header Files</Filter>
    </ClInclude>
    <ClInclude Include="include\TowerDefenseSyl\TowerASelection.h">
      <Filter>Header Files</Filter>
    </ClInclude>
    <ClInclude Include="include\TowerDefenseSyl\LifeDisplay.h">
      <Filter>Header Files</Filter>
    </ClInclude>
  </ItemGroup>
  <ItemGroup>
    <None Include="packages.config" />
  </ItemGroup>
</Project>